<?xml version="1.0" encoding="utf-8"?>
<Project ToolsVersion="4.0" xmlns="http://schemas.microsoft.com/developer/msbuild/2003">
  <ItemGroup>
    <Filter Include="win32">
      <UniqueIdentifier>{84a8ebd7-7cf0-47f6-b75e-d441df67da40}</UniqueIdentifier>
    </Filter>
    <Filter Include="resource">
      <UniqueIdentifier>{715254bc-d70b-4ec5-bf29-467dd3ace079}</UniqueIdentifier>
    </Filter>
    <Filter Include="src">
      <UniqueIdentifier>{bb6c862e-70e9-49d9-81b7-3829a6f50471}</UniqueIdentifier>
    </Filter>
    <Filter Include="src\kit">
      <UniqueIdentifier>{b58de6e4-b23c-45d3-882b-dd4762092cb1}</UniqueIdentifier>
    </Filter>
    <Filter Include="src\kit\utils">
      <UniqueIdentifier>{09ae0e52-ca83-47d4-a95a-9d8970aebaac}</UniqueIdentifier>
    </Filter>
    <Filter Include="src\kit\enums">
      <UniqueIdentifier>{60e72ee9-16fc-4b8c-be0f-4f04053af556}</UniqueIdentifier>
    </Filter>
    <Filter Include="src\kit\actions">
      <UniqueIdentifier>{5f2d0caf-cbfb-4965-97a9-f7144bb12053}</UniqueIdentifier>
    </Filter>
    <Filter Include="src\kit\ui">
      <UniqueIdentifier>{8a497dd2-c29e-4757-a9c6-a84630ef51a0}</UniqueIdentifier>
    </Filter>
    <Filter Include="src\kit\2d">
      <UniqueIdentifier>{c6828caa-9786-48d3-a780-8289f4a3a40d}</UniqueIdentifier>
    </Filter>
  </ItemGroup>
  <ItemGroup>
    <ClCompile Include="main.cpp">
      <Filter>win32</Filter>
    </ClCompile>
    <ClCompile Include="..\Classes\AppDelegate.cpp">
      <Filter>src</Filter>
    </ClCompile>
    <ClCompile Include="..\Classes\HelloWorldScene.cpp">
      <Filter>src</Filter>
    </ClCompile>
    <ClCompile Include="..\Classes\Actions.cpp">
      <Filter>src\kit\actions</Filter>
    </ClCompile>
    <ClCompile Include="..\Classes\c2d.cpp">
      <Filter>src\kit\utils</Filter>
    </ClCompile>
    <ClCompile Include="..\Classes\myColorUtils.cpp">
      <Filter>src\kit\utils</Filter>
    </ClCompile>
    <ClCompile Include="..\Classes\myGeometry.cpp">
      <Filter>src\kit\utils</Filter>
    </ClCompile>
    <ClCompile Include="..\Classes\myMath.cpp">
      <Filter>src\kit\utils</Filter>
    </ClCompile>
    <ClCompile Include="..\Classes\myShader.cpp">
      <Filter>src\kit\utils</Filter>
    </ClCompile>
    <ClCompile Include="..\Classes\VisibleRect.cpp">
      <Filter>src\kit\utils</Filter>
    </ClCompile>
    <ClCompile Include="..\Classes\UIFactory.cpp">
      <Filter>src\kit\utils</Filter>
    </ClCompile>
    <ClCompile Include="..\Classes\GridView.cpp">
      <Filter>src\kit\ui</Filter>
    </ClCompile>
    <ClCompile Include="..\Classes\ChainView.cpp">
      <Filter>src\kit\ui</Filter>
    </ClCompile>
    <ClCompile Include="..\Classes\myBezier.cpp">
      <Filter>src\kit\actions</Filter>
    </ClCompile>
    <ClCompile Include="..\Classes\myActionInterval.cpp">
      <Filter>src\kit\actions</Filter>
    </ClCompile>
    <ClCompile Include="..\Classes\myBezier-uniform-velocity.cpp">
      <Filter>src\kit\actions</Filter>
    </ClCompile>
    <ClCompile Include="..\Classes\mySpine.cpp">
      <Filter>src\kit\2d</Filter>
    </ClCompile>
    <ClCompile Include="..\Classes\SpineFace.cpp">
      <Filter>src\kit\2d</Filter>
    </ClCompile>
    <ClCompile Include="..\Classes\SpineRect.cpp">
      <Filter>src\kit\2d</Filter>
    </ClCompile>
    <ClCompile Include="..\Classes\KeysAgent.cpp">
      <Filter>src\kit\utils</Filter>
    </ClCompile>
    <ClCompile Include="..\Classes\mySlider.cpp">
      <Filter>src\kit\ui</Filter>
    </ClCompile>
    <ClCompile Include="..\Classes\PathDrawAgent.cpp">
      <Filter>src\kit\2d</Filter>
    </ClCompile>
    <ClCompile Include="..\Classes\SceneManager.cpp">
      <Filter>src\kit</Filter>
    </ClCompile>
    <ClCompile Include="..\Classes\StringUtil.cpp">
      <Filter>src\kit\utils</Filter>
    </ClCompile>
    <ClCompile Include="..\Classes\Finder.cpp">
      <Filter>src\kit\2d</Filter>
    </ClCompile>
    <ClCompile Include="..\Classes\CSAsyncLoader.cpp">
      <Filter>src\kit\utils</Filter>
    </ClCompile>
    <ClCompile Include="..\Classes\BaseLoading.cpp">
      <Filter>src\kit\2d</Filter>
    </ClCompile>
    <ClCompile Include="..\Classes\UiManager.cpp">
      <Filter>src\kit\utils</Filter>
    </ClCompile>
    <ClCompile Include="..\Classes\BaseDialog.cpp">
      <Filter>src\kit\2d</Filter>
    </ClCompile>
    <ClCompile Include="..\Classes\BasePage.cpp">
      <Filter>src\kit\2d</Filter>
    </ClCompile>
    <ClCompile Include="..\Classes\PicProcessing.cpp">
      <Filter>src\kit\utils</Filter>
    </ClCompile>
    <ClCompile Include="..\Classes\DataLoader.cpp">
      <Filter>src\kit\2d</Filter>
    </ClCompile>
    <ClCompile Include="..\Classes\AudioManager.cpp">
      <Filter>src\kit\2d</Filter>
    </ClCompile>
    <ClCompile Include="..\Classes\DataManager.cpp">
      <Filter>src\kit\2d</Filter>
    </ClCompile>
    <ClCompile Include="..\Classes\BaseScene.cpp">
      <Filter>src\kit\2d</Filter>
    </ClCompile>
    <ClCompile Include="..\Classes\SceneLoading.cpp">
      <Filter>src</Filter>
    </ClCompile>
  </ItemGroup>
  <ItemGroup>
    <ClInclude Include="main.h">
      <Filter>win32</Filter>
    </ClInclude>
    <ClInclude Include="..\Classes\AppDelegate.h">
      <Filter>src</Filter>
    </ClInclude>
    <ClInclude Include="..\Classes\HelloWorldScene.h">
      <Filter>src</Filter>
    </ClInclude>
    <ClInclude Include="..\Classes\PublicCoco.h">
      <Filter>src\kit</Filter>
    </ClInclude>
    <ClInclude Include="..\Classes\PublicDefine.h">
      <Filter>src\kit</Filter>
    </ClInclude>
    <ClInclude Include="..\Classes\PublicHead.h">
      <Filter>src\kit</Filter>
    </ClInclude>
    <ClInclude Include="..\Classes\Actions.h">
      <Filter>src\kit\actions</Filter>
    </ClInclude>
    <ClInclude Include="..\Classes\Align.h">
      <Filter>src\kit\enums</Filter>
    </ClInclude>
    <ClInclude Include="..\Classes\c2d.h">
      <Filter>src\kit\utils</Filter>
    </ClInclude>
    <ClInclude Include="..\Classes\myColorUtils.h">
      <Filter>src\kit\utils</Filter>
    </ClInclude>
    <ClInclude Include="..\Classes\myGeometry.h">
      <Filter>src\kit\utils</Filter>
    </ClInclude>
    <ClInclude Include="..\Classes\myMath.h">
      <Filter>src\kit\utils</Filter>
    </ClInclude>
    <ClInclude Include="..\Classes\myShader.h">
      <Filter>src\kit\utils</Filter>
    </ClInclude>
    <ClInclude Include="..\Classes\VisibleRect.h">
      <Filter>src\kit\utils</Filter>
    </ClInclude>
    <ClInclude Include="..\Classes\UIFactory.h">
      <Filter>src\kit\utils</Filter>
    </ClInclude>
    <ClInclude Include="..\Classes\Direction.h">
      <Filter>src\kit\enums</Filter>
    </ClInclude>
    <ClInclude Include="..\Classes\GridView.h">
      <Filter>src\kit\ui</Filter>
    </ClInclude>
    <ClInclude Include="..\Classes\ChainView.h">
      <Filter>src\kit\ui</Filter>
    </ClInclude>
    <ClInclude Include="..\Classes\myBezier.h">
      <Filter>src\kit\actions</Filter>
    </ClInclude>
    <ClInclude Include="..\Classes\myActionInterval.h">
      <Filter>src\kit\actions</Filter>
    </ClInclude>
    <ClInclude Include="..\Classes\myBezier-uniform-velocity.h">
      <Filter>src\kit\actions</Filter>
    </ClInclude>
    <ClInclude Include="..\Classes\mySpine.h">
      <Filter>src\kit\2d</Filter>
    </ClInclude>
    <ClInclude Include="..\Classes\SpineFace.h">
      <Filter>src\kit\2d</Filter>
    </ClInclude>
    <ClInclude Include="..\Classes\SpineRect.h">
      <Filter>src\kit\2d</Filter>
    </ClInclude>
    <ClInclude Include="..\Classes\KeysAgent.h">
      <Filter>src\kit\utils</Filter>
    </ClInclude>
    <ClInclude Include="..\Classes\mySlider.h">
      <Filter>src\kit\ui</Filter>
    </ClInclude>
    <ClInclude Include="..\Classes\PathDrawAgent.h">
      <Filter>src\kit\2d</Filter>
    </ClInclude>
    <ClInclude Include="..\Classes\SceneType.h">
      <Filter>src\kit</Filter>
    </ClInclude>
    <ClInclude Include="..\Classes\SceneManager.h">
      <Filter>src\kit</Filter>
    </ClInclude>
    <ClInclude Include="..\Classes\StringUtil.h">
      <Filter>src\kit\utils</Filter>
    </ClInclude>
    <ClInclude Include="..\Classes\Finder.h">
      <Filter>src\kit\2d</Filter>
    </ClInclude>
    <ClInclude Include="..\Classes\CSAsyncLoader.h">
      <Filter>src\kit\utils</Filter>
    </ClInclude>
    <ClInclude Include="..\Classes\BaseLoading.h">
      <Filter>src\kit\2d</Filter>
    </ClInclude>
    <ClInclude Include="..\Classes\UiManager.h">
      <Filter>src\kit\utils</Filter>
    </ClInclude>
    <ClInclude Include="..\Classes\BaseDialog.h">
      <Filter>src\kit\2d</Filter>
    </ClInclude>
    <ClInclude Include="..\Classes\BasePage.h">
      <Filter>src\kit\2d</Filter>
    </ClInclude>
    <ClInclude Include="..\Classes\BaseScene.h">
      <Filter>src\kit\2d</Filter>
    </ClInclude>
    <ClInclude Include="..\Classes\PicProcessing.h">
      <Filter>src\kit\utils</Filter>
    </ClInclude>
    <ClInclude Include="..\Classes\DataLoader.h">
      <Filter>src\kit\2d</Filter>
    </ClInclude>
    <ClInclude Include="..\Classes\AudioManager.h">
      <Filter>src\kit\2d</Filter>
    </ClInclude>
    <ClInclude Include="..\Classes\mybyte.h">
      <Filter>src\kit\utils</Filter>
    </ClInclude>
    <ClInclude Include="..\Classes\DataManager.h">
      <Filter>src\kit\2d</Filter>
    </ClInclude>
    <ClInclude Include="..\Classes\SceneLoading.h">
      <Filter>src</Filter>
    </ClInclude>
  </ItemGroup>
  <ItemGroup>
    <ResourceCompile Include="game.rc">
      <Filter>resource</Filter>
    </ResourceCompile>
  </ItemGroup>
</Project>